
Microsoft Visual Studio Solution File, Format Version 12.00
# Visual Studio Version 17
VisualStudioVersion = 17.14.36202.13
MinimumVisualStudioVersion = 10.0.40219.1
Project("{FAE04EC0-301F-11D3-BF4B-00C04F79EFBC}") = "ParrotCode", "ParrotCode.csproj", "{262CB546-E739-4082-BF90-0A15AF182E69}"
EndProject
Project("{FAE04EC0-301F-11D3-BF4B-00C04F79EFBC}") = "ParrotCodeUserInterface", "Projects\ParrotCodeUserInterface\ParrotCodeUserInterface.csproj", "{D52CD160-9759-4F67-98A4-6F6934105108}"
EndProject
Project("{FAE04EC0-301F-11D3-BF4B-00C04F79EFBC}") = "ParrotCodeUserInterfaceEditor", "Projects\ParrotCodeUserInterfaceEditor\ParrotCodeUserInterfaceEditor.csproj", "{11D8A04C-F5A0-4DBC-AACD-D6B7C9737CDF}"
EndProject
Project("{FAE04EC0-301F-11D3-BF4B-00C04F79EFBC}") = "ParrotCodeAudio", "Projects\ParrotCodeAudio\ParrotCodeAudio.csproj", "{E5E53294-3C40-48B1-B308-601869B1CF10}"
EndProject
Project("{FAE04EC0-301F-11D3-BF4B-00C04F79EFBC}") = "ParrotCodeEventSystem", "Projects\ParrotCodeEventSystem\ParrotCodeEventSystem.csproj", "{58B98786-6C9C-4609-847B-66C1233B8B86}"
EndProject
Project("{FAE04EC0-301F-11D3-BF4B-00C04F79EFBC}") = "ParrotCodeInputSystem", "Projects\ParrotCodeInputSystem\ParrotCodeInputSystem.csproj", "{8D37BEC1-97A9-4104-966C-1080061673D5}"
EndProject
Project("{FAE04EC0-301F-11D3-BF4B-00C04F79EFBC}") = "ParrotCodeMultiplayer", "Projects\ParrotCodeMultiplayer\ParrotCodeMultiplayer.csproj", "{0803A906-06D4-4070-AE8D-996264D02FCC}"
EndProject
Project("{FAE04EC0-301F-11D3-BF4B-00C04F79EFBC}") = "ParrotCodeNative", "Projects\ParrotCodeNative\ParrotCodeNative.csproj", "{C2E037D4-B86D-45C9-AE45-AFA530D9B070}"
EndProject
Project("{FAE04EC0-301F-11D3-BF4B-00C04F79EFBC}") = "ParrotCodeNativeEditor", "Projects\ParrotCodeNativeEditor\ParrotCodeNativeEditor.csproj", "{BBBED6C2-D4CB-4468-8A95-F20C51B43569}"
EndProject
Project("{FAE04EC0-301F-11D3-BF4B-00C04F79EFBC}") = "ParrotCodeExtensions", "Projects\ParrotCodeExtensions\ParrotCodeExtensions.csproj", "{B8929A20-51CC-4435-8722-53DB1EDBCF86}"
EndProject
Project("{FAE04EC0-301F-11D3-BF4B-00C04F79EFBC}") = "ParrotCodeEditorExtensions", "Projects\ParrotCodeEditorExtensions\ParrotCodeEditorExtensions.csproj", "{D659BCF0-3D64-4807-9043-D4C6EB6CC13E}"
EndProject
Project("{FAE04EC0-301F-11D3-BF4B-00C04F79EFBC}") = "ParrotCodeHelpers", "Projects\ParrotCodeHelpers\ParrotCodeHelpers.csproj", "{0E3814D4-0223-48B0-83B3-38072BC8B623}"
EndProject
Project("{FAE04EC0-301F-11D3-BF4B-00C04F79EFBC}") = "ParrotCodeEditorHelpers", "Projects\ParrotCodeEditorHelpers\ParrotCodeEditorHelpers.csproj", "{C39723CD-886A-4605-98B3-2A8444DBBDC3}"
EndProject
Project("{FAE04EC0-301F-11D3-BF4B-00C04F79EFBC}") = "ParrotCodePlatformEditor", "Projects\ParrotCodePlatformEditor\ParrotCodePlatformEditor.csproj", "{25CDE8C5-BE77-4C51-A3A6-244CACD86D5F}"
EndProject
Project("{FAE04EC0-301F-11D3-BF4B-00C04F79EFBC}") = "ParrotCodeAndroid", "Projects\ParrotCodeAndroid\ParrotCodeAndroid.csproj", "{6A16D3D7-593E-4ADC-852D-650452E9BEAC}"
EndProject
Project("{FAE04EC0-301F-11D3-BF4B-00C04F79EFBC}") = "ParrotCodeIOS", "Projects\ParrotCodeIOS\ParrotCodeIOS.csproj", "{3E82FE72-EEAC-4450-B215-F77DCEAE82F4}"
EndProject
Project("{FAE04EC0-301F-11D3-BF4B-00C04F79EFBC}") = "ParrotCodeStandalone", "Projects\ParrotCodeStandalone\ParrotCodeStandalone.csproj", "{BCC465B6-FD5C-4CED-B57F-A6AAD1A179C9}"
EndProject
Project("{FAE04EC0-301F-11D3-BF4B-00C04F79EFBC}") = "ParrotCodeWebGL", "Projects\ParrotCodeWebGL\ParrotCodeWebGL.csproj", "{5FDC9AA6-67D6-4001-927A-36E72B70533D}"
EndProject
Project("{FAE04EC0-301F-11D3-BF4B-00C04F79EFBC}") = "ParrotCodeAI", "Projects\ParrotCodeAI\ParrotCodeAI.csproj", "{B21D435A-DBB4-45D5-8779-DB39FF48D69A}"
EndProject
Project("{FAE04EC0-301F-11D3-BF4B-00C04F79EFBC}") = "ParrotCodeAR", "Projects\ParrotCodeAR\ParrotCodeAR.csproj", "{06618604-BE78-418B-9EE0-06625ADDBDE0}"
EndProject
Project("{FAE04EC0-301F-11D3-BF4B-00C04F79EFBC}") = "ParrotCodeVR", "Projects\ParrotCodeVR\ParrotCodeVR.csproj", "{3E99D617-8779-436D-8783-22A121AC843A}"
EndProject
Project("{FAE04EC0-301F-11D3-BF4B-00C04F79EFBC}") = "ParrotCodeAIEditor", "Projects\ParrotCodeAIEditor\ParrotCodeAIEditor.csproj", "{E77F35EA-7A99-42E3-8AAA-61FD0BF0DF3B}"
EndProject
Project("{FAE04EC0-301F-11D3-BF4B-00C04F79EFBC}") = "ParrotCodeAREditor", "Projects\ParrotCodeAREditor\ParrotCodeAREditor.csproj", "{994FD101-EB6B-41B7-90C7-3D6895E0963B}"
EndProject
Project("{FAE04EC0-301F-11D3-BF4B-00C04F79EFBC}") = "ParrotCodeVREditor", "Projects\ParrotCodeVREditor\ParrotCodeVREditor.csproj", "{741047ED-F8BD-4A8F-8395-351FD1EEB7E3}"
EndProject
Global
	GlobalSection(SolutionConfigurationPlatforms) = preSolution
		Debug|Any CPU = Debug|Any CPU
		Release|Any CPU = Release|Any CPU
		Unity2022|Any CPU = Unity2022|Any CPU
		Unity2023|Any CPU = Unity2023|Any CPU
	EndGlobalSection
	GlobalSection(ProjectConfigurationPlatforms) = postSolution
		{262CB546-E739-4082-BF90-0A15AF182E69}.Debug|Any CPU.ActiveCfg = Debug|Any CPU
		{262CB546-E739-4082-BF90-0A15AF182E69}.Release|Any CPU.ActiveCfg = Release|Any CPU
		{262CB546-E739-4082-BF90-0A15AF182E69}.Unity2022|Any CPU.ActiveCfg = Debug|Any CPU
		{262CB546-E739-4082-BF90-0A15AF182E69}.Unity2023|Any CPU.ActiveCfg = Unity2023|Any CPU
		{D52CD160-9759-4F67-98A4-6F6934105108}.Debug|Any CPU.ActiveCfg = Debug|Any CPU
		{D52CD160-9759-4F67-98A4-6F6934105108}.Debug|Any CPU.Build.0 = Debug|Any CPU
		{D52CD160-9759-4F67-98A4-6F6934105108}.Release|Any CPU.ActiveCfg = Release|Any CPU
		{D52CD160-9759-4F67-98A4-6F6934105108}.Release|Any CPU.Build.0 = Release|Any CPU
		{D52CD160-9759-4F67-98A4-6F6934105108}.Unity2022|Any CPU.ActiveCfg = Unity2022|Any CPU
		{D52CD160-9759-4F67-98A4-6F6934105108}.Unity2022|Any CPU.Build.0 = Unity2022|Any CPU
		{D52CD160-9759-4F67-98A4-6F6934105108}.Unity2023|Any CPU.ActiveCfg = Unity2023|Any CPU
		{D52CD160-9759-4F67-98A4-6F6934105108}.Unity2023|Any CPU.Build.0 = Unity2023|Any CPU
		{11D8A04C-F5A0-4DBC-AACD-D6B7C9737CDF}.Debug|Any CPU.ActiveCfg = Debug|Any CPU
		{11D8A04C-F5A0-4DBC-AACD-D6B7C9737CDF}.Debug|Any CPU.Build.0 = Debug|Any CPU
		{11D8A04C-F5A0-4DBC-AACD-D6B7C9737CDF}.Release|Any CPU.ActiveCfg = Release|Any CPU
		{11D8A04C-F5A0-4DBC-AACD-D6B7C9737CDF}.Release|Any CPU.Build.0 = Release|Any CPU
		{11D8A04C-F5A0-4DBC-AACD-D6B7C9737CDF}.Unity2022|Any CPU.ActiveCfg = Unity2022|Any CPU
		{11D8A04C-F5A0-4DBC-AACD-D6B7C9737CDF}.Unity2022|Any CPU.Build.0 = Unity2022|Any CPU
		{11D8A04C-F5A0-4DBC-AACD-D6B7C9737CDF}.Unity2023|Any CPU.ActiveCfg = Unity2023|Any CPU
		{11D8A04C-F5A0-4DBC-AACD-D6B7C9737CDF}.Unity2023|Any CPU.Build.0 = Unity2023|Any CPU
		{E5E53294-3C40-48B1-B308-601869B1CF10}.Debug|Any CPU.ActiveCfg = Debug|Any CPU
		{E5E53294-3C40-48B1-B308-601869B1CF10}.Debug|Any CPU.Build.0 = Debug|Any CPU
		{E5E53294-3C40-48B1-B308-601869B1CF10}.Release|Any CPU.ActiveCfg = Release|Any CPU
		{E5E53294-3C40-48B1-B308-601869B1CF10}.Release|Any CPU.Build.0 = Release|Any CPU
		{E5E53294-3C40-48B1-B308-601869B1CF10}.Unity2022|Any CPU.ActiveCfg = Unity2022|Any CPU
		{E5E53294-3C40-48B1-B308-601869B1CF10}.Unity2022|Any CPU.Build.0 = Unity2022|Any CPU
		{E5E53294-3C40-48B1-B308-601869B1CF10}.Unity2023|Any CPU.ActiveCfg = Unity2023|Any CPU
		{E5E53294-3C40-48B1-B308-601869B1CF10}.Unity2023|Any CPU.Build.0 = Unity2023|Any CPU
		{58B98786-6C9C-4609-847B-66C1233B8B86}.Debug|Any CPU.ActiveCfg = Debug|Any CPU
		{58B98786-6C9C-4609-847B-66C1233B8B86}.Debug|Any CPU.Build.0 = Debug|Any CPU
		{58B98786-6C9C-4609-847B-66C1233B8B86}.Release|Any CPU.ActiveCfg = Release|Any CPU
		{58B98786-6C9C-4609-847B-66C1233B8B86}.Release|Any CPU.Build.0 = Release|Any CPU
		{58B98786-6C9C-4609-847B-66C1233B8B86}.Unity2022|Any CPU.ActiveCfg = Unity2022|Any CPU
		{58B98786-6C9C-4609-847B-66C1233B8B86}.Unity2022|Any CPU.Build.0 = Unity2022|Any CPU
		{58B98786-6C9C-4609-847B-66C1233B8B86}.Unity2023|Any CPU.ActiveCfg = Unity2023|Any CPU
		{58B98786-6C9C-4609-847B-66C1233B8B86}.Unity2023|Any CPU.Build.0 = Unity2023|Any CPU
		{8D37BEC1-97A9-4104-966C-1080061673D5}.Debug|Any CPU.ActiveCfg = Debug|Any CPU
		{8D37BEC1-97A9-4104-966C-1080061673D5}.Debug|Any CPU.Build.0 = Debug|Any CPU
		{8D37BEC1-97A9-4104-966C-1080061673D5}.Release|Any CPU.ActiveCfg = Release|Any CPU
		{8D37BEC1-97A9-4104-966C-1080061673D5}.Release|Any CPU.Build.0 = Release|Any CPU
		{8D37BEC1-97A9-4104-966C-1080061673D5}.Unity2022|Any CPU.ActiveCfg = Unity2022|Any CPU
		{8D37BEC1-97A9-4104-966C-1080061673D5}.Unity2022|Any CPU.Build.0 = Unity2022|Any CPU
		{8D37BEC1-97A9-4104-966C-1080061673D5}.Unity2023|Any CPU.ActiveCfg = Unity2023|Any CPU
		{8D37BEC1-97A9-4104-966C-1080061673D5}.Unity2023|Any CPU.Build.0 = Unity2023|Any CPU
		{0803A906-06D4-4070-AE8D-996264D02FCC}.Debug|Any CPU.ActiveCfg = Debug|Any CPU
		{0803A906-06D4-4070-AE8D-996264D02FCC}.Debug|Any CPU.Build.0 = Debug|Any CPU
		{0803A906-06D4-4070-AE8D-996264D02FCC}.Release|Any CPU.ActiveCfg = Release|Any CPU
		{0803A906-06D4-4070-AE8D-996264D02FCC}.Release|Any CPU.Build.0 = Release|Any CPU
		{0803A906-06D4-4070-AE8D-996264D02FCC}.Unity2022|Any CPU.ActiveCfg = Unity2022|Any CPU
		{0803A906-06D4-4070-AE8D-996264D02FCC}.Unity2022|Any CPU.Build.0 = Unity2022|Any CPU
		{0803A906-06D4-4070-AE8D-996264D02FCC}.Unity2023|Any CPU.ActiveCfg = Unity2023|Any CPU
		{0803A906-06D4-4070-AE8D-996264D02FCC}.Unity2023|Any CPU.Build.0 = Unity2023|Any CPU
		{C2E037D4-B86D-45C9-AE45-AFA530D9B070}.Debug|Any CPU.ActiveCfg = Debug|Any CPU
		{C2E037D4-B86D-45C9-AE45-AFA530D9B070}.Debug|Any CPU.Build.0 = Debug|Any CPU
		{C2E037D4-B86D-45C9-AE45-AFA530D9B070}.Release|Any CPU.ActiveCfg = Release|Any CPU
		{C2E037D4-B86D-45C9-AE45-AFA530D9B070}.Release|Any CPU.Build.0 = Release|Any CPU
		{C2E037D4-B86D-45C9-AE45-AFA530D9B070}.Unity2022|Any CPU.ActiveCfg = Unity2022|Any CPU
		{C2E037D4-B86D-45C9-AE45-AFA530D9B070}.Unity2022|Any CPU.Build.0 = Unity2022|Any CPU
		{C2E037D4-B86D-45C9-AE45-AFA530D9B070}.Unity2023|Any CPU.ActiveCfg = Unity2023|Any CPU
		{C2E037D4-B86D-45C9-AE45-AFA530D9B070}.Unity2023|Any CPU.Build.0 = Unity2023|Any CPU
		{BBBED6C2-D4CB-4468-8A95-F20C51B43569}.Debug|Any CPU.ActiveCfg = Debug|Any CPU
		{BBBED6C2-D4CB-4468-8A95-F20C51B43569}.Debug|Any CPU.Build.0 = Debug|Any CPU
		{BBBED6C2-D4CB-4468-8A95-F20C51B43569}.Release|Any CPU.ActiveCfg = Release|Any CPU
		{BBBED6C2-D4CB-4468-8A95-F20C51B43569}.Release|Any CPU.Build.0 = Release|Any CPU
		{BBBED6C2-D4CB-4468-8A95-F20C51B43569}.Unity2022|Any CPU.ActiveCfg = Unity2022|Any CPU
		{BBBED6C2-D4CB-4468-8A95-F20C51B43569}.Unity2022|Any CPU.Build.0 = Unity2022|Any CPU
		{BBBED6C2-D4CB-4468-8A95-F20C51B43569}.Unity2023|Any CPU.ActiveCfg = Unity2023|Any CPU
		{BBBED6C2-D4CB-4468-8A95-F20C51B43569}.Unity2023|Any CPU.Build.0 = Unity2023|Any CPU
		{B8929A20-51CC-4435-8722-53DB1EDBCF86}.Debug|Any CPU.ActiveCfg = Debug|Any CPU
		{B8929A20-51CC-4435-8722-53DB1EDBCF86}.Debug|Any CPU.Build.0 = Debug|Any CPU
		{B8929A20-51CC-4435-8722-53DB1EDBCF86}.Release|Any CPU.ActiveCfg = Release|Any CPU
		{B8929A20-51CC-4435-8722-53DB1EDBCF86}.Release|Any CPU.Build.0 = Release|Any CPU
		{B8929A20-51CC-4435-8722-53DB1EDBCF86}.Unity2022|Any CPU.ActiveCfg = Unity2022|Any CPU
		{B8929A20-51CC-4435-8722-53DB1EDBCF86}.Unity2022|Any CPU.Build.0 = Unity2022|Any CPU
		{B8929A20-51CC-4435-8722-53DB1EDBCF86}.Unity2023|Any CPU.ActiveCfg = Unity2023|Any CPU
		{B8929A20-51CC-4435-8722-53DB1EDBCF86}.Unity2023|Any CPU.Build.0 = Unity2023|Any CPU
		{D659BCF0-3D64-4807-9043-D4C6EB6CC13E}.Debug|Any CPU.ActiveCfg = Debug|Any CPU
		{D659BCF0-3D64-4807-9043-D4C6EB6CC13E}.Debug|Any CPU.Build.0 = Debug|Any CPU
		{D659BCF0-3D64-4807-9043-D4C6EB6CC13E}.Release|Any CPU.ActiveCfg = Release|Any CPU
		{D659BCF0-3D64-4807-9043-D4C6EB6CC13E}.Release|Any CPU.Build.0 = Release|Any CPU
		{D659BCF0-3D64-4807-9043-D4C6EB6CC13E}.Unity2022|Any CPU.ActiveCfg = Unity2022|Any CPU
		{D659BCF0-3D64-4807-9043-D4C6EB6CC13E}.Unity2022|Any CPU.Build.0 = Unity2022|Any CPU
		{D659BCF0-3D64-4807-9043-D4C6EB6CC13E}.Unity2023|Any CPU.ActiveCfg = Unity2023|Any CPU
		{D659BCF0-3D64-4807-9043-D4C6EB6CC13E}.Unity2023|Any CPU.Build.0 = Unity2023|Any CPU
		{0E3814D4-0223-48B0-83B3-38072BC8B623}.Debug|Any CPU.ActiveCfg = Debug|Any CPU
		{0E3814D4-0223-48B0-83B3-38072BC8B623}.Debug|Any CPU.Build.0 = Debug|Any CPU
		{0E3814D4-0223-48B0-83B3-38072BC8B623}.Release|Any CPU.ActiveCfg = Release|Any CPU
		{0E3814D4-0223-48B0-83B3-38072BC8B623}.Release|Any CPU.Build.0 = Release|Any CPU
		{0E3814D4-0223-48B0-83B3-38072BC8B623}.Unity2022|Any CPU.ActiveCfg = Unity2022|Any CPU
		{0E3814D4-0223-48B0-83B3-38072BC8B623}.Unity2022|Any CPU.Build.0 = Unity2022|Any CPU
		{0E3814D4-0223-48B0-83B3-38072BC8B623}.Unity2023|Any CPU.ActiveCfg = Unity2023|Any CPU
		{0E3814D4-0223-48B0-83B3-38072BC8B623}.Unity2023|Any CPU.Build.0 = Unity2023|Any CPU
		{C39723CD-886A-4605-98B3-2A8444DBBDC3}.Debug|Any CPU.ActiveCfg = Debug|Any CPU
		{C39723CD-886A-4605-98B3-2A8444DBBDC3}.Debug|Any CPU.Build.0 = Debug|Any CPU
		{C39723CD-886A-4605-98B3-2A8444DBBDC3}.Release|Any CPU.ActiveCfg = Release|Any CPU
		{C39723CD-886A-4605-98B3-2A8444DBBDC3}.Release|Any CPU.Build.0 = Release|Any CPU
		{C39723CD-886A-4605-98B3-2A8444DBBDC3}.Unity2022|Any CPU.ActiveCfg = Unity2022|Any CPU
		{C39723CD-886A-4605-98B3-2A8444DBBDC3}.Unity2022|Any CPU.Build.0 = Unity2022|Any CPU
		{C39723CD-886A-4605-98B3-2A8444DBBDC3}.Unity2023|Any CPU.ActiveCfg = Unity2023|Any CPU
		{C39723CD-886A-4605-98B3-2A8444DBBDC3}.Unity2023|Any CPU.Build.0 = Unity2023|Any CPU
		{25CDE8C5-BE77-4C51-A3A6-244CACD86D5F}.Debug|Any CPU.ActiveCfg = Debug|Any CPU
		{25CDE8C5-BE77-4C51-A3A6-244CACD86D5F}.Debug|Any CPU.Build.0 = Debug|Any CPU
		{25CDE8C5-BE77-4C51-A3A6-244CACD86D5F}.Release|Any CPU.ActiveCfg = Release|Any CPU
		{25CDE8C5-BE77-4C51-A3A6-244CACD86D5F}.Release|Any CPU.Build.0 = Release|Any CPU
		{25CDE8C5-BE77-4C51-A3A6-244CACD86D5F}.Unity2022|Any CPU.ActiveCfg = Unity2022|Any CPU
		{25CDE8C5-BE77-4C51-A3A6-244CACD86D5F}.Unity2022|Any CPU.Build.0 = Unity2022|Any CPU
		{25CDE8C5-BE77-4C51-A3A6-244CACD86D5F}.Unity2023|Any CPU.ActiveCfg = Unity2023|Any CPU
		{25CDE8C5-BE77-4C51-A3A6-244CACD86D5F}.Unity2023|Any CPU.Build.0 = Unity2023|Any CPU
		{6A16D3D7-593E-4ADC-852D-650452E9BEAC}.Debug|Any CPU.ActiveCfg = Debug|Any CPU
		{6A16D3D7-593E-4ADC-852D-650452E9BEAC}.Debug|Any CPU.Build.0 = Debug|Any CPU
		{6A16D3D7-593E-4ADC-852D-650452E9BEAC}.Release|Any CPU.ActiveCfg = Release|Any CPU
		{6A16D3D7-593E-4ADC-852D-650452E9BEAC}.Release|Any CPU.Build.0 = Release|Any CPU
		{6A16D3D7-593E-4ADC-852D-650452E9BEAC}.Unity2022|Any CPU.ActiveCfg = Unity2022|Any CPU
		{6A16D3D7-593E-4ADC-852D-650452E9BEAC}.Unity2022|Any CPU.Build.0 = Unity2022|Any CPU
		{6A16D3D7-593E-4ADC-852D-650452E9BEAC}.Unity2023|Any CPU.ActiveCfg = Unity2023|Any CPU
		{6A16D3D7-593E-4ADC-852D-650452E9BEAC}.Unity2023|Any CPU.Build.0 = Unity2023|Any CPU
		{3E82FE72-EEAC-4450-B215-F77DCEAE82F4}.Debug|Any CPU.ActiveCfg = Debug|Any CPU
		{3E82FE72-EEAC-4450-B215-F77DCEAE82F4}.Debug|Any CPU.Build.0 = Debug|Any CPU
		{3E82FE72-EEAC-4450-B215-F77DCEAE82F4}.Release|Any CPU.ActiveCfg = Release|Any CPU
		{3E82FE72-EEAC-4450-B215-F77DCEAE82F4}.Release|Any CPU.Build.0 = Release|Any CPU
		{3E82FE72-EEAC-4450-B215-F77DCEAE82F4}.Unity2022|Any CPU.ActiveCfg = Unity2022|Any CPU
		{3E82FE72-EEAC-4450-B215-F77DCEAE82F4}.Unity2022|Any CPU.Build.0 = Unity2022|Any CPU
		{3E82FE72-EEAC-4450-B215-F77DCEAE82F4}.Unity2023|Any CPU.ActiveCfg = Unity2023|Any CPU
		{3E82FE72-EEAC-4450-B215-F77DCEAE82F4}.Unity2023|Any CPU.Build.0 = Unity2023|Any CPU
		{BCC465B6-FD5C-4CED-B57F-A6AAD1A179C9}.Debug|Any CPU.ActiveCfg = Debug|Any CPU
		{BCC465B6-FD5C-4CED-B57F-A6AAD1A179C9}.Debug|Any CPU.Build.0 = Debug|Any CPU
		{BCC465B6-FD5C-4CED-B57F-A6AAD1A179C9}.Release|Any CPU.ActiveCfg = Release|Any CPU
		{BCC465B6-FD5C-4CED-B57F-A6AAD1A179C9}.Release|Any CPU.Build.0 = Release|Any CPU
		{BCC465B6-FD5C-4CED-B57F-A6AAD1A179C9}.Unity2022|Any CPU.ActiveCfg = Unity2022|Any CPU
		{BCC465B6-FD5C-4CED-B57F-A6AAD1A179C9}.Unity2022|Any CPU.Build.0 = Unity2022|Any CPU
		{BCC465B6-FD5C-4CED-B57F-A6AAD1A179C9}.Unity2023|Any CPU.ActiveCfg = Unity2023|Any CPU
		{BCC465B6-FD5C-4CED-B57F-A6AAD1A179C9}.Unity2023|Any CPU.Build.0 = Unity2023|Any CPU
		{5FDC9AA6-67D6-4001-927A-36E72B70533D}.Debug|Any CPU.ActiveCfg = Debug|Any CPU
		{5FDC9AA6-67D6-4001-927A-36E72B70533D}.Debug|Any CPU.Build.0 = Debug|Any CPU
		{5FDC9AA6-67D6-4001-927A-36E72B70533D}.Release|Any CPU.ActiveCfg = Release|Any CPU
		{5FDC9AA6-67D6-4001-927A-36E72B70533D}.Release|Any CPU.Build.0 = Release|Any CPU
		{5FDC9AA6-67D6-4001-927A-36E72B70533D}.Unity2022|Any CPU.ActiveCfg = Unity2022|Any CPU
		{5FDC9AA6-67D6-4001-927A-36E72B70533D}.Unity2022|Any CPU.Build.0 = Unity2022|Any CPU
		{5FDC9AA6-67D6-4001-927A-36E72B70533D}.Unity2023|Any CPU.ActiveCfg = Unity2023|Any CPU
		{5FDC9AA6-67D6-4001-927A-36E72B70533D}.Unity2023|Any CPU.Build.0 = Unity2023|Any CPU
		{B21D435A-DBB4-45D5-8779-DB39FF48D69A}.Debug|Any CPU.ActiveCfg = Debug|Any CPU
		{B21D435A-DBB4-45D5-8779-DB39FF48D69A}.Debug|Any CPU.Build.0 = Debug|Any CPU
		{B21D435A-DBB4-45D5-8779-DB39FF48D69A}.Release|Any CPU.ActiveCfg = Release|Any CPU
		{B21D435A-DBB4-45D5-8779-DB39FF48D69A}.Release|Any CPU.Build.0 = Release|Any CPU
		{B21D435A-DBB4-45D5-8779-DB39FF48D69A}.Unity2022|Any CPU.ActiveCfg = Unity2022|Any CPU
		{B21D435A-DBB4-45D5-8779-DB39FF48D69A}.Unity2022|Any CPU.Build.0 = Unity2022|Any CPU
		{B21D435A-DBB4-45D5-8779-DB39FF48D69A}.Unity2023|Any CPU.ActiveCfg = Unity2023|Any CPU
		{B21D435A-DBB4-45D5-8779-DB39FF48D69A}.Unity2023|Any CPU.Build.0 = Unity2023|Any CPU
		{06618604-BE78-418B-9EE0-06625ADDBDE0}.Debug|Any CPU.ActiveCfg = Debug|Any CPU
		{06618604-BE78-418B-9EE0-06625ADDBDE0}.Debug|Any CPU.Build.0 = Debug|Any CPU
		{06618604-BE78-418B-9EE0-06625ADDBDE0}.Release|Any CPU.ActiveCfg = Release|Any CPU
		{06618604-BE78-418B-9EE0-06625ADDBDE0}.Release|Any CPU.Build.0 = Release|Any CPU
		{06618604-BE78-418B-9EE0-06625ADDBDE0}.Unity2022|Any CPU.ActiveCfg = Unity2022|Any CPU
		{06618604-BE78-418B-9EE0-06625ADDBDE0}.Unity2022|Any CPU.Build.0 = Unity2022|Any CPU
		{06618604-BE78-418B-9EE0-06625ADDBDE0}.Unity2023|Any CPU.ActiveCfg = Unity2023|Any CPU
		{06618604-BE78-418B-9EE0-06625ADDBDE0}.Unity2023|Any CPU.Build.0 = Unity2023|Any CPU
		{3E99D617-8779-436D-8783-22A121AC843A}.Debug|Any CPU.ActiveCfg = Debug|Any CPU
		{3E99D617-8779-436D-8783-22A121AC843A}.Debug|Any CPU.Build.0 = Debug|Any CPU
		{3E99D617-8779-436D-8783-22A121AC843A}.Release|Any CPU.ActiveCfg = Release|Any CPU
		{3E99D617-8779-436D-8783-22A121AC843A}.Release|Any CPU.Build.0 = Release|Any CPU
		{3E99D617-8779-436D-8783-22A121AC843A}.Unity2022|Any CPU.ActiveCfg = Unity2022|Any CPU
		{3E99D617-8779-436D-8783-22A121AC843A}.Unity2022|Any CPU.Build.0 = Unity2022|Any CPU
		{3E99D617-8779-436D-8783-22A121AC843A}.Unity2023|Any CPU.ActiveCfg = Unity2023|Any CPU
		{3E99D617-8779-436D-8783-22A121AC843A}.Unity2023|Any CPU.Build.0 = Unity2023|Any CPU
		{E77F35EA-7A99-42E3-8AAA-61FD0BF0DF3B}.Debug|Any CPU.ActiveCfg = Debug|Any CPU
		{E77F35EA-7A99-42E3-8AAA-61FD0BF0DF3B}.Debug|Any CPU.Build.0 = Debug|Any CPU
		{E77F35EA-7A99-42E3-8AAA-61FD0BF0DF3B}.Release|Any CPU.ActiveCfg = Release|Any CPU
		{E77F35EA-7A99-42E3-8AAA-61FD0BF0DF3B}.Release|Any CPU.Build.0 = Release|Any CPU
		{E77F35EA-7A99-42E3-8AAA-61FD0BF0DF3B}.Unity2022|Any CPU.ActiveCfg = Unity2022|Any CPU
		{E77F35EA-7A99-42E3-8AAA-61FD0BF0DF3B}.Unity2022|Any CPU.Build.0 = Unity2022|Any CPU
		{E77F35EA-7A99-42E3-8AAA-61FD0BF0DF3B}.Unity2023|Any CPU.ActiveCfg = Unity2023|Any CPU
		{E77F35EA-7A99-42E3-8AAA-61FD0BF0DF3B}.Unity2023|Any CPU.Build.0 = Unity2023|Any CPU
		{994FD101-EB6B-41B7-90C7-3D6895E0963B}.Debug|Any CPU.ActiveCfg = Debug|Any CPU
		{994FD101-EB6B-41B7-90C7-3D6895E0963B}.Debug|Any CPU.Build.0 = Debug|Any CPU
		{994FD101-EB6B-41B7-90C7-3D6895E0963B}.Release|Any CPU.ActiveCfg = Release|Any CPU
		{994FD101-EB6B-41B7-90C7-3D6895E0963B}.Release|Any CPU.Build.0 = Release|Any CPU
		{994FD101-EB6B-41B7-90C7-3D6895E0963B}.Unity2022|Any CPU.ActiveCfg = Unity2022|Any CPU
		{994FD101-EB6B-41B7-90C7-3D6895E0963B}.Unity2022|Any CPU.Build.0 = Unity2022|Any CPU
		{994FD101-EB6B-41B7-90C7-3D6895E0963B}.Unity2023|Any CPU.ActiveCfg = Unity2023|Any CPU
		{994FD101-EB6B-41B7-90C7-3D6895E0963B}.Unity2023|Any CPU.Build.0 = Unity2023|Any CPU
		{741047ED-F8BD-4A8F-8395-351FD1EEB7E3}.Debug|Any CPU.ActiveCfg = Debug|Any CPU
		{741047ED-F8BD-4A8F-8395-351FD1EEB7E3}.Debug|Any CPU.Build.0 = Debug|Any CPU
		{741047ED-F8BD-4A8F-8395-351FD1EEB7E3}.Release|Any CPU.ActiveCfg = Release|Any CPU
		{741047ED-F8BD-4A8F-8395-351FD1EEB7E3}.Release|Any CPU.Build.0 = Release|Any CPU
		{741047ED-F8BD-4A8F-8395-351FD1EEB7E3}.Unity2022|Any CPU.ActiveCfg = Unity2022|Any CPU
		{741047ED-F8BD-4A8F-8395-351FD1EEB7E3}.Unity2022|Any CPU.Build.0 = Unity2022|Any CPU
		{741047ED-F8BD-4A8F-8395-351FD1EEB7E3}.Unity2023|Any CPU.ActiveCfg = Unity2023|Any CPU
		{741047ED-F8BD-4A8F-8395-351FD1EEB7E3}.Unity2023|Any CPU.Build.0 = Unity2023|Any CPU
	EndGlobalSection
	GlobalSection(SolutionProperties) = preSolution
		HideSolutionNode = FALSE
	EndGlobalSection
	GlobalSection(ExtensibilityGlobals) = postSolution
		SolutionGuid = {21683925-073C-4C2D-99C8-79256EF2CAC9}
	EndGlobalSection
EndGlobal
