
Microsoft Visual Studio Solution File, Format Version 12.00
# Visual Studio Version 17
VisualStudioVersion = 17.14.36202.13
MinimumVisualStudioVersion = 10.0.40219.1
Project("{FAE04EC0-301F-11D3-BF4B-00C04F79EFBC}") = "ParrotCode", "ParrotCode.csproj", "{262CB546-E739-4082-BF90-0A15AF182E69}"
EndProject
Project("{FAE04EC0-301F-11D3-BF4B-00C04F79EFBC}") = "ParrotCodeUserInterface", "Projects\ParrotCodeUserInterface\ParrotCodeUserInterface.csproj", "{D52CD160-9759-4F67-98A4-6F6934105108}"
EndProject
Project("{FAE04EC0-301F-11D3-BF4B-00C04F79EFBC}") = "ParrotCodeUserInterfaceEditor", "Projects\ParrotCodeUserInterfaceEditor\ParrotCodeUserInterfaceEditor.csproj", "{11D8A04C-F5A0-4DBC-AACD-D6B7C9737CDF}"
EndProject
Project("{FAE04EC0-301F-11D3-BF4B-00C04F79EFBC}") = "ParrotCodeAudio", "Projects\ParrotCodeAudio\ParrotCodeAudio.csproj", "{E5E53294-3C40-48B1-B308-601869B1CF10}"
EndProject
Project("{FAE04EC0-301F-11D3-BF4B-00C04F79EFBC}") = "ParrotCodeEventSystem", "Projects\ParotCodeEventSystem\ParrotCodeEventSystem.csproj", "{58B98786-6C9C-4609-847B-66C1233B8B86}"
EndProject
Project("{FAE04EC0-301F-11D3-BF4B-00C04F79EFBC}") = "ParrotCodeInputSystem", "Projects\ParotCodeInputSystem\ParrotCodeInputSystem.csproj", "{8D37BEC1-97A9-4104-966C-1080061673D5}"
EndProject
Project("{FAE04EC0-301F-11D3-BF4B-00C04F79EFBC}") = "ParrotCodeVirtualReality", "Projects\ParotCodeVirtualReality\ParrotCodeVirtualReality.csproj", "{E7F4C806-ABA0-43C8-8E2C-40A9B3FA090B}"
EndProject
Project("{FAE04EC0-301F-11D3-BF4B-00C04F79EFBC}") = "ParrotCodeMultiplayer", "Projects\ParrotCodeMultiplayer\ParrotCodeMultiplayer.csproj", "{0803A906-06D4-4070-AE8D-996264D02FCC}"
EndProject
Project("{FAE04EC0-301F-11D3-BF4B-00C04F79EFBC}") = "ParrotNativeCode", "Projects\ParrotNativeCode\ParrotNativeCode.csproj", "{C2E037D4-B86D-45C9-AE45-AFA530D9B070}"
EndProject
Project("{FAE04EC0-301F-11D3-BF4B-00C04F79EFBC}") = "ParrotCodeExtensions", "Projects\ParrotCodeExtensions\ParrotCodeExtensions.csproj", "{B8929A20-51CC-4435-8722-53DB1EDBCF86}"
EndProject
Project("{FAE04EC0-301F-11D3-BF4B-00C04F79EFBC}") = "ParrotCodeHelpers", "Projects\ParrotCodeHelpers\ParrotCodeHelpers.csproj", "{0E3814D4-0223-48B0-83B3-38072BC8B623}"
EndProject
Global
	GlobalSection(SolutionConfigurationPlatforms) = preSolution
		Debug|Any CPU = Debug|Any CPU
		Release|Any CPU = Release|Any CPU
		Unity2022|Any CPU = Unity2022|Any CPU
		Unity2023|Any CPU = Unity2023|Any CPU
	EndGlobalSection
	GlobalSection(ProjectConfigurationPlatforms) = postSolution
		{262CB546-E739-4082-BF90-0A15AF182E69}.Debug|Any CPU.ActiveCfg = Debug|Any CPU
		{262CB546-E739-4082-BF90-0A15AF182E69}.Release|Any CPU.ActiveCfg = Release|Any CPU
		{262CB546-E739-4082-BF90-0A15AF182E69}.Unity2022|Any CPU.ActiveCfg = Debug|Any CPU
		{262CB546-E739-4082-BF90-0A15AF182E69}.Unity2023|Any CPU.ActiveCfg = Unity2023|Any CPU
		{D52CD160-9759-4F67-98A4-6F6934105108}.Debug|Any CPU.ActiveCfg = Debug|Any CPU
		{D52CD160-9759-4F67-98A4-6F6934105108}.Debug|Any CPU.Build.0 = Debug|Any CPU
		{D52CD160-9759-4F67-98A4-6F6934105108}.Release|Any CPU.ActiveCfg = Release|Any CPU
		{D52CD160-9759-4F67-98A4-6F6934105108}.Release|Any CPU.Build.0 = Release|Any CPU
		{D52CD160-9759-4F67-98A4-6F6934105108}.Unity2022|Any CPU.ActiveCfg = Unity2022|Any CPU
		{D52CD160-9759-4F67-98A4-6F6934105108}.Unity2022|Any CPU.Build.0 = Unity2022|Any CPU
		{D52CD160-9759-4F67-98A4-6F6934105108}.Unity2023|Any CPU.ActiveCfg = Unity2023|Any CPU
		{D52CD160-9759-4F67-98A4-6F6934105108}.Unity2023|Any CPU.Build.0 = Unity2023|Any CPU
		{11D8A04C-F5A0-4DBC-AACD-D6B7C9737CDF}.Debug|Any CPU.ActiveCfg = Debug|Any CPU
		{11D8A04C-F5A0-4DBC-AACD-D6B7C9737CDF}.Debug|Any CPU.Build.0 = Debug|Any CPU
		{11D8A04C-F5A0-4DBC-AACD-D6B7C9737CDF}.Release|Any CPU.ActiveCfg = Release|Any CPU
		{11D8A04C-F5A0-4DBC-AACD-D6B7C9737CDF}.Release|Any CPU.Build.0 = Release|Any CPU
		{11D8A04C-F5A0-4DBC-AACD-D6B7C9737CDF}.Unity2022|Any CPU.ActiveCfg = Unity2022|Any CPU
		{11D8A04C-F5A0-4DBC-AACD-D6B7C9737CDF}.Unity2022|Any CPU.Build.0 = Unity2022|Any CPU
		{11D8A04C-F5A0-4DBC-AACD-D6B7C9737CDF}.Unity2023|Any CPU.ActiveCfg = Unity2023|Any CPU
		{11D8A04C-F5A0-4DBC-AACD-D6B7C9737CDF}.Unity2023|Any CPU.Build.0 = Unity2023|Any CPU
		{E5E53294-3C40-48B1-B308-601869B1CF10}.Debug|Any CPU.ActiveCfg = Debug|Any CPU
		{E5E53294-3C40-48B1-B308-601869B1CF10}.Debug|Any CPU.Build.0 = Debug|Any CPU
		{E5E53294-3C40-48B1-B308-601869B1CF10}.Release|Any CPU.ActiveCfg = Release|Any CPU
		{E5E53294-3C40-48B1-B308-601869B1CF10}.Release|Any CPU.Build.0 = Release|Any CPU
		{E5E53294-3C40-48B1-B308-601869B1CF10}.Unity2022|Any CPU.ActiveCfg = Unity2022|Any CPU
		{E5E53294-3C40-48B1-B308-601869B1CF10}.Unity2022|Any CPU.Build.0 = Unity2022|Any CPU
		{E5E53294-3C40-48B1-B308-601869B1CF10}.Unity2023|Any CPU.ActiveCfg = Unity2023|Any CPU
		{E5E53294-3C40-48B1-B308-601869B1CF10}.Unity2023|Any CPU.Build.0 = Unity2023|Any CPU
		{58B98786-6C9C-4609-847B-66C1233B8B86}.Debug|Any CPU.ActiveCfg = Debug|Any CPU
		{58B98786-6C9C-4609-847B-66C1233B8B86}.Debug|Any CPU.Build.0 = Debug|Any CPU
		{58B98786-6C9C-4609-847B-66C1233B8B86}.Release|Any CPU.ActiveCfg = Release|Any CPU
		{58B98786-6C9C-4609-847B-66C1233B8B86}.Release|Any CPU.Build.0 = Release|Any CPU
		{58B98786-6C9C-4609-847B-66C1233B8B86}.Unity2022|Any CPU.ActiveCfg = Unity2022|Any CPU
		{58B98786-6C9C-4609-847B-66C1233B8B86}.Unity2022|Any CPU.Build.0 = Unity2022|Any CPU
		{58B98786-6C9C-4609-847B-66C1233B8B86}.Unity2023|Any CPU.ActiveCfg = Unity2023|Any CPU
		{58B98786-6C9C-4609-847B-66C1233B8B86}.Unity2023|Any CPU.Build.0 = Unity2023|Any CPU
		{8D37BEC1-97A9-4104-966C-1080061673D5}.Debug|Any CPU.ActiveCfg = Debug|Any CPU
		{8D37BEC1-97A9-4104-966C-1080061673D5}.Debug|Any CPU.Build.0 = Debug|Any CPU
		{8D37BEC1-97A9-4104-966C-1080061673D5}.Release|Any CPU.ActiveCfg = Release|Any CPU
		{8D37BEC1-97A9-4104-966C-1080061673D5}.Release|Any CPU.Build.0 = Release|Any CPU
		{8D37BEC1-97A9-4104-966C-1080061673D5}.Unity2022|Any CPU.ActiveCfg = Unity2022|Any CPU
		{8D37BEC1-97A9-4104-966C-1080061673D5}.Unity2022|Any CPU.Build.0 = Unity2022|Any CPU
		{8D37BEC1-97A9-4104-966C-1080061673D5}.Unity2023|Any CPU.ActiveCfg = Unity2023|Any CPU
		{8D37BEC1-97A9-4104-966C-1080061673D5}.Unity2023|Any CPU.Build.0 = Unity2023|Any CPU
		{E7F4C806-ABA0-43C8-8E2C-40A9B3FA090B}.Debug|Any CPU.ActiveCfg = Debug|Any CPU
		{E7F4C806-ABA0-43C8-8E2C-40A9B3FA090B}.Debug|Any CPU.Build.0 = Debug|Any CPU
		{E7F4C806-ABA0-43C8-8E2C-40A9B3FA090B}.Release|Any CPU.ActiveCfg = Release|Any CPU
		{E7F4C806-ABA0-43C8-8E2C-40A9B3FA090B}.Release|Any CPU.Build.0 = Release|Any CPU
		{E7F4C806-ABA0-43C8-8E2C-40A9B3FA090B}.Unity2022|Any CPU.ActiveCfg = Unity2022|Any CPU
		{E7F4C806-ABA0-43C8-8E2C-40A9B3FA090B}.Unity2022|Any CPU.Build.0 = Unity2022|Any CPU
		{E7F4C806-ABA0-43C8-8E2C-40A9B3FA090B}.Unity2023|Any CPU.ActiveCfg = Unity2023|Any CPU
		{E7F4C806-ABA0-43C8-8E2C-40A9B3FA090B}.Unity2023|Any CPU.Build.0 = Unity2023|Any CPU
		{0803A906-06D4-4070-AE8D-996264D02FCC}.Debug|Any CPU.ActiveCfg = Debug|Any CPU
		{0803A906-06D4-4070-AE8D-996264D02FCC}.Debug|Any CPU.Build.0 = Debug|Any CPU
		{0803A906-06D4-4070-AE8D-996264D02FCC}.Release|Any CPU.ActiveCfg = Release|Any CPU
		{0803A906-06D4-4070-AE8D-996264D02FCC}.Release|Any CPU.Build.0 = Release|Any CPU
		{0803A906-06D4-4070-AE8D-996264D02FCC}.Unity2022|Any CPU.ActiveCfg = Unity2022|Any CPU
		{0803A906-06D4-4070-AE8D-996264D02FCC}.Unity2022|Any CPU.Build.0 = Unity2022|Any CPU
		{0803A906-06D4-4070-AE8D-996264D02FCC}.Unity2023|Any CPU.ActiveCfg = Unity2023|Any CPU
		{0803A906-06D4-4070-AE8D-996264D02FCC}.Unity2023|Any CPU.Build.0 = Unity2023|Any CPU
		{C2E037D4-B86D-45C9-AE45-AFA530D9B070}.Debug|Any CPU.ActiveCfg = Debug|Any CPU
		{C2E037D4-B86D-45C9-AE45-AFA530D9B070}.Debug|Any CPU.Build.0 = Debug|Any CPU
		{C2E037D4-B86D-45C9-AE45-AFA530D9B070}.Release|Any CPU.ActiveCfg = Release|Any CPU
		{C2E037D4-B86D-45C9-AE45-AFA530D9B070}.Release|Any CPU.Build.0 = Release|Any CPU
		{C2E037D4-B86D-45C9-AE45-AFA530D9B070}.Unity2022|Any CPU.ActiveCfg = Unity2022|Any CPU
		{C2E037D4-B86D-45C9-AE45-AFA530D9B070}.Unity2022|Any CPU.Build.0 = Unity2022|Any CPU
		{C2E037D4-B86D-45C9-AE45-AFA530D9B070}.Unity2023|Any CPU.ActiveCfg = Unity2023|Any CPU
		{C2E037D4-B86D-45C9-AE45-AFA530D9B070}.Unity2023|Any CPU.Build.0 = Unity2023|Any CPU
		{B8929A20-51CC-4435-8722-53DB1EDBCF86}.Debug|Any CPU.ActiveCfg = Debug|Any CPU
		{B8929A20-51CC-4435-8722-53DB1EDBCF86}.Debug|Any CPU.Build.0 = Debug|Any CPU
		{B8929A20-51CC-4435-8722-53DB1EDBCF86}.Release|Any CPU.ActiveCfg = Release|Any CPU
		{B8929A20-51CC-4435-8722-53DB1EDBCF86}.Release|Any CPU.Build.0 = Release|Any CPU
		{B8929A20-51CC-4435-8722-53DB1EDBCF86}.Unity2022|Any CPU.ActiveCfg = Unity2022|Any CPU
		{B8929A20-51CC-4435-8722-53DB1EDBCF86}.Unity2022|Any CPU.Build.0 = Unity2022|Any CPU
		{B8929A20-51CC-4435-8722-53DB1EDBCF86}.Unity2023|Any CPU.ActiveCfg = Unity2023|Any CPU
		{B8929A20-51CC-4435-8722-53DB1EDBCF86}.Unity2023|Any CPU.Build.0 = Unity2023|Any CPU
		{0E3814D4-0223-48B0-83B3-38072BC8B623}.Debug|Any CPU.ActiveCfg = Debug|Any CPU
		{0E3814D4-0223-48B0-83B3-38072BC8B623}.Debug|Any CPU.Build.0 = Debug|Any CPU
		{0E3814D4-0223-48B0-83B3-38072BC8B623}.Release|Any CPU.ActiveCfg = Release|Any CPU
		{0E3814D4-0223-48B0-83B3-38072BC8B623}.Release|Any CPU.Build.0 = Release|Any CPU
		{0E3814D4-0223-48B0-83B3-38072BC8B623}.Unity2022|Any CPU.ActiveCfg = Unity2022|Any CPU
		{0E3814D4-0223-48B0-83B3-38072BC8B623}.Unity2022|Any CPU.Build.0 = Unity2022|Any CPU
		{0E3814D4-0223-48B0-83B3-38072BC8B623}.Unity2023|Any CPU.ActiveCfg = Unity2023|Any CPU
		{0E3814D4-0223-48B0-83B3-38072BC8B623}.Unity2023|Any CPU.Build.0 = Unity2023|Any CPU
	EndGlobalSection
	GlobalSection(SolutionProperties) = preSolution
		HideSolutionNode = FALSE
	EndGlobalSection
	GlobalSection(ExtensibilityGlobals) = postSolution
		SolutionGuid = {21683925-073C-4C2D-99C8-79256EF2CAC9}
	EndGlobalSection
EndGlobal
